
Microsoft Visual Studio Solution File, Format Version 12.00
# Visual Studio Version 17
VisualStudioVersion = 17.10.34916.146
MinimumVisualStudioVersion = 10.0.40219.1
Project("{FAE04EC0-301F-11D3-BF4B-00C04F79EFBC}") = "MasterDetailUI", "MasterDetailUI\MasterDetailUI.csproj", "{63B2CD5F-3489-4E6F-89EB-2CF15A7F5987}"
EndProject
Global
	GlobalSection(SolutionConfigurationPlatforms) = preSolution
		Debug|Any CPU = Debug|Any CPU
		Release|Any CPU = Release|Any CPU
	EndGlobalSection
	GlobalSection(ProjectConfigurationPlatforms) = postSolution
		{63B2CD5F-3489-4E6F-89EB-2CF15A7F5987}.Debug|Any CPU.ActiveCfg = Debug|Any CPU
		{63B2CD5F-3489-4E6F-89EB-2CF15A7F5987}.Debug|Any CPU.Build.0 = Debug|Any CPU
		{63B2CD5F-3489-4E6F-89EB-2CF15A7F5987}.Release|Any CPU.ActiveCfg = Release|Any CPU
		{63B2CD5F-3489-4E6F-89EB-2CF15A7F5987}.Release|Any CPU.Build.0 = Release|Any CPU
	EndGlobalSection
	GlobalSection(SolutionProperties) = preSolution
		HideSolutionNode = FALSE
	EndGlobalSection
	GlobalSection(ExtensibilityGlobals) = postSolution
		SolutionGuid = {281AED03-0E1D-43FE-BF07-2E1861773EB5}
	EndGlobalSection
EndGlobal
